
Microsoft Visual Studio Solution File, Format Version 12.00
Project("{FAE04EC0-301F-11D3-BF4B-00C04F79EFBC}") = "Sudoku.Frontend", "Sudoku.Frontend\Sudoku.Frontend.csproj", "{CFAEA548-7EEB-4377-B5B9-8661A6A8568B}"
EndProject
Global
	GlobalSection(SolutionConfigurationPlatforms) = preSolution
		Debug|Any CPU = Debug|Any CPU
		Release|Any CPU = Release|Any CPU
	EndGlobalSection
	GlobalSection(ProjectConfigurationPlatforms) = postSolution
		{CFAEA548-7EEB-4377-B5B9-8661A6A8568B}.Debug|Any CPU.ActiveCfg = Debug|Any CPU
		{CFAEA548-7EEB-4377-B5B9-8661A6A8568B}.Debug|Any CPU.Build.0 = Debug|Any CPU
		{CFAEA548-7EEB-4377-B5B9-8661A6A8568B}.Release|Any CPU.ActiveCfg = Release|Any CPU
		{CFAEA548-7EEB-4377-B5B9-8661A6A8568B}.Release|Any CPU.Build.0 = Release|Any CPU
	EndGlobalSection
EndGlobal
